
Microsoft Visual Studio Solution File, Format Version 12.00
# Visual Studio Version 17
VisualStudioVersion = 17.2.32519.379
MinimumVisualStudioVersion = 10.0.40219.1
Project("{2150E333-8FDC-42A3-9474-1A3956D46DE8}") = "Solution Items", "Solution Items", "{AED81E3C-CF63-42CB-94F3-2B0C66F46493}"
	ProjectSection(SolutionItems) = preProject
		.editorconfig = .editorconfig
	EndProjectSection
EndProject
Project("{FAE04EC0-301F-11D3-BF4B-00C04F79EFBC}") = "NodeGraph", "NodeGraph\NodeGraph.csproj", "{B650DF81-3A89-4807-987B-AEEE0E9AE242}"
EndProject
Project("{FAE04EC0-301F-11D3-BF4B-00C04F79EFBC}") = "RefactorGraph", "RefactorGraph\RefactorGraph.csproj", "{E1AF0A7B-EE67-4122-927D-144971AF6438}"
EndProject
Project("{9A19103F-16F7-4668-BE54-9A1E7A4F7556}") = "PCRE.NET", "..\PCRE\src\PCRE.NET\PCRE.NET.csproj", "{31AFB263-1B8C-48FB-812C-6BFA3496D5B3}"
EndProject
Project("{8BC9CEB8-8B4A-11D0-8D11-00A0C91BC942}") = "PCRE.NET.Native", "..\PCRE\src\PCRE.NET.Native\PCRE.NET.Native.vcxproj", "{CB0EC78A-B7FB-423F-8ABB-0984A9D7B3BA}"
EndProject
Global
	GlobalSection(SolutionConfigurationPlatforms) = preSolution
		Debug|Any CPU = Debug|Any CPU
		Debug|x64 = Debug|x64
		Debug|x86 = Debug|x86
		Release|Any CPU = Release|Any CPU
		Release|x64 = Release|x64
		Release|x86 = Release|x86
	EndGlobalSection
	GlobalSection(ProjectConfigurationPlatforms) = postSolution
		{B650DF81-3A89-4807-987B-AEEE0E9AE242}.Debug|Any CPU.ActiveCfg = Debug|Any CPU
		{B650DF81-3A89-4807-987B-AEEE0E9AE242}.Debug|Any CPU.Build.0 = Debug|Any CPU
		{B650DF81-3A89-4807-987B-AEEE0E9AE242}.Debug|x64.ActiveCfg = Debug|Any CPU
		{B650DF81-3A89-4807-987B-AEEE0E9AE242}.Debug|x64.Build.0 = Debug|Any CPU
		{B650DF81-3A89-4807-987B-AEEE0E9AE242}.Debug|x86.ActiveCfg = Debug|Any CPU
		{B650DF81-3A89-4807-987B-AEEE0E9AE242}.Debug|x86.Build.0 = Debug|Any CPU
		{B650DF81-3A89-4807-987B-AEEE0E9AE242}.Release|Any CPU.ActiveCfg = Release|Any CPU
		{B650DF81-3A89-4807-987B-AEEE0E9AE242}.Release|Any CPU.Build.0 = Release|Any CPU
		{B650DF81-3A89-4807-987B-AEEE0E9AE242}.Release|x64.ActiveCfg = Release|Any CPU
		{B650DF81-3A89-4807-987B-AEEE0E9AE242}.Release|x64.Build.0 = Release|Any CPU
		{B650DF81-3A89-4807-987B-AEEE0E9AE242}.Release|x86.ActiveCfg = Release|Any CPU
		{B650DF81-3A89-4807-987B-AEEE0E9AE242}.Release|x86.Build.0 = Release|Any CPU
		{E1AF0A7B-EE67-4122-927D-144971AF6438}.Debug|Any CPU.ActiveCfg = Debug|Any CPU
		{E1AF0A7B-EE67-4122-927D-144971AF6438}.Debug|Any CPU.Build.0 = Debug|Any CPU
		{E1AF0A7B-EE67-4122-927D-144971AF6438}.Debug|x64.ActiveCfg = Debug|Any CPU
		{E1AF0A7B-EE67-4122-927D-144971AF6438}.Debug|x64.Build.0 = Debug|Any CPU
		{E1AF0A7B-EE67-4122-927D-144971AF6438}.Debug|x86.ActiveCfg = Debug|x86
		{E1AF0A7B-EE67-4122-927D-144971AF6438}.Debug|x86.Build.0 = Debug|x86
		{E1AF0A7B-EE67-4122-927D-144971AF6438}.Release|Any CPU.ActiveCfg = Release|Any CPU
		{E1AF0A7B-EE67-4122-927D-144971AF6438}.Release|Any CPU.Build.0 = Release|Any CPU
		{E1AF0A7B-EE67-4122-927D-144971AF6438}.Release|x64.ActiveCfg = Release|Any CPU
		{E1AF0A7B-EE67-4122-927D-144971AF6438}.Release|x64.Build.0 = Release|Any CPU
		{E1AF0A7B-EE67-4122-927D-144971AF6438}.Release|x86.ActiveCfg = Release|x86
		{E1AF0A7B-EE67-4122-927D-144971AF6438}.Release|x86.Build.0 = Release|x86
		{31AFB263-1B8C-48FB-812C-6BFA3496D5B3}.Debug|Any CPU.ActiveCfg = Debug|Any CPU
		{31AFB263-1B8C-48FB-812C-6BFA3496D5B3}.Debug|Any CPU.Build.0 = Debug|Any CPU
		{31AFB263-1B8C-48FB-812C-6BFA3496D5B3}.Debug|x64.ActiveCfg = Debug|Any CPU
		{31AFB263-1B8C-48FB-812C-6BFA3496D5B3}.Debug|x64.Build.0 = Debug|Any CPU
		{31AFB263-1B8C-48FB-812C-6BFA3496D5B3}.Debug|x86.ActiveCfg = Debug|Any CPU
		{31AFB263-1B8C-48FB-812C-6BFA3496D5B3}.Debug|x86.Build.0 = Debug|Any CPU
		{31AFB263-1B8C-48FB-812C-6BFA3496D5B3}.Release|Any CPU.ActiveCfg = Release|Any CPU
		{31AFB263-1B8C-48FB-812C-6BFA3496D5B3}.Release|Any CPU.Build.0 = Release|Any CPU
		{31AFB263-1B8C-48FB-812C-6BFA3496D5B3}.Release|x64.ActiveCfg = Release|Any CPU
		{31AFB263-1B8C-48FB-812C-6BFA3496D5B3}.Release|x64.Build.0 = Release|Any CPU
		{31AFB263-1B8C-48FB-812C-6BFA3496D5B3}.Release|x86.ActiveCfg = Release|Any CPU
		{31AFB263-1B8C-48FB-812C-6BFA3496D5B3}.Release|x86.Build.0 = Release|Any CPU
		{CB0EC78A-B7FB-423F-8ABB-0984A9D7B3BA}.Debug|Any CPU.ActiveCfg = Debug|x64
		{CB0EC78A-B7FB-423F-8ABB-0984A9D7B3BA}.Debug|Any CPU.Build.0 = Debug|x64
		{CB0EC78A-B7FB-423F-8ABB-0984A9D7B3BA}.Debug|x64.ActiveCfg = Debug|x64
		{CB0EC78A-B7FB-423F-8ABB-0984A9D7B3BA}.Debug|x64.Build.0 = Debug|x64
		{CB0EC78A-B7FB-423F-8ABB-0984A9D7B3BA}.Debug|x86.ActiveCfg = Debug|Win32
		{CB0EC78A-B7FB-423F-8ABB-0984A9D7B3BA}.Debug|x86.Build.0 = Debug|Win32
		{CB0EC78A-B7FB-423F-8ABB-0984A9D7B3BA}.Release|Any CPU.ActiveCfg = Release|x64
		{CB0EC78A-B7FB-423F-8ABB-0984A9D7B3BA}.Release|Any CPU.Build.0 = Release|x64
		{CB0EC78A-B7FB-423F-8ABB-0984A9D7B3BA}.Release|x64.ActiveCfg = Release|x64
		{CB0EC78A-B7FB-423F-8ABB-0984A9D7B3BA}.Release|x64.Build.0 = Release|x64
		{CB0EC78A-B7FB-423F-8ABB-0984A9D7B3BA}.Release|x86.ActiveCfg = Release|Win32
		{CB0EC78A-B7FB-423F-8ABB-0984A9D7B3BA}.Release|x86.Build.0 = Release|Win32
	EndGlobalSection
	GlobalSection(SolutionProperties) = preSolution
		HideSolutionNode = FALSE
	EndGlobalSection
	GlobalSection(ExtensibilityGlobals) = postSolution
		SolutionGuid = {ADD812BE-2822-47DA-8767-26F0FBA44376}
	EndGlobalSection
EndGlobal
